
Microsoft Visual Studio Solution File, Format Version 12.00
# Visual Studio Version 16
VisualStudioVersion = 16.0.31321.278
MinimumVisualStudioVersion = 10.0.40219.1
Project("{9A19103F-16F7-4668-BE54-9A1E7A4F7556}") = "Server", "Server\Server.csproj", "{5E9513E3-0EFE-479E-9D96-72DFE56C17D3}"
EndProject
Project("{9A19103F-16F7-4668-BE54-9A1E7A4F7556}") = "Logger", "Logger\Logger.csproj", "{521613B4-44E2-400C-9A3B-BAC1E0DB7A72}"
EndProject
Project("{9A19103F-16F7-4668-BE54-9A1E7A4F7556}") = "DB_API", "DB_API\DB_API.csproj", "{735042AC-9675-4DB6-979F-F55B62D7C3D7}"
EndProject
Project("{FAE04EC0-301F-11D3-BF4B-00C04F79EFBC}") = "Client.UWP", "Client\Client.UWP\Client.UWP.csproj", "{CF4FCE8E-3C63-427A-ACAC-A44BD0F1EB00}"
EndProject
Project("{FAE04EC0-301F-11D3-BF4B-00C04F79EFBC}") = "Client.Android", "Client\Client.Android\Client.Android.csproj", "{6CD5607F-5C28-4379-9CBD-DF4F11A7B9BB}"
EndProject
Project("{FAE04EC0-301F-11D3-BF4B-00C04F79EFBC}") = "Client.iOS", "Client\Client.iOS\Client.iOS.csproj", "{D5EC99D7-A62D-4FA5-B053-D4920E0948F5}"
EndProject
Project("{FAE04EC0-301F-11D3-BF4B-00C04F79EFBC}") = "Client", "Client\Client\Client.csproj", "{E747AE3F-0921-4D41-9A89-73D940F4D914}"
EndProject
Global
	GlobalSection(SolutionConfigurationPlatforms) = preSolution
		Debug|Any CPU = Debug|Any CPU
		Debug|ARM = Debug|ARM
		Debug|iPhone = Debug|iPhone
		Debug|iPhoneSimulator = Debug|iPhoneSimulator
		Debug|x64 = Debug|x64
		Debug|x86 = Debug|x86
		Release|Any CPU = Release|Any CPU
		Release|ARM = Release|ARM
		Release|iPhone = Release|iPhone
		Release|iPhoneSimulator = Release|iPhoneSimulator
		Release|x64 = Release|x64
		Release|x86 = Release|x86
	EndGlobalSection
	GlobalSection(ProjectConfigurationPlatforms) = postSolution
		{5E9513E3-0EFE-479E-9D96-72DFE56C17D3}.Debug|Any CPU.ActiveCfg = Debug|Any CPU
		{5E9513E3-0EFE-479E-9D96-72DFE56C17D3}.Debug|Any CPU.Build.0 = Debug|Any CPU
		{5E9513E3-0EFE-479E-9D96-72DFE56C17D3}.Debug|ARM.ActiveCfg = Debug|Any CPU
		{5E9513E3-0EFE-479E-9D96-72DFE56C17D3}.Debug|ARM.Build.0 = Debug|Any CPU
		{5E9513E3-0EFE-479E-9D96-72DFE56C17D3}.Debug|iPhone.ActiveCfg = Debug|Any CPU
		{5E9513E3-0EFE-479E-9D96-72DFE56C17D3}.Debug|iPhone.Build.0 = Debug|Any CPU
		{5E9513E3-0EFE-479E-9D96-72DFE56C17D3}.Debug|iPhoneSimulator.ActiveCfg = Debug|Any CPU
		{5E9513E3-0EFE-479E-9D96-72DFE56C17D3}.Debug|iPhoneSimulator.Build.0 = Debug|Any CPU
		{5E9513E3-0EFE-479E-9D96-72DFE56C17D3}.Debug|x64.ActiveCfg = Debug|Any CPU
		{5E9513E3-0EFE-479E-9D96-72DFE56C17D3}.Debug|x64.Build.0 = Debug|Any CPU
		{5E9513E3-0EFE-479E-9D96-72DFE56C17D3}.Debug|x86.ActiveCfg = Debug|Any CPU
		{5E9513E3-0EFE-479E-9D96-72DFE56C17D3}.Debug|x86.Build.0 = Debug|Any CPU
		{5E9513E3-0EFE-479E-9D96-72DFE56C17D3}.Release|Any CPU.ActiveCfg = Release|Any CPU
		{5E9513E3-0EFE-479E-9D96-72DFE56C17D3}.Release|Any CPU.Build.0 = Release|Any CPU
		{5E9513E3-0EFE-479E-9D96-72DFE56C17D3}.Release|ARM.ActiveCfg = Release|Any CPU
		{5E9513E3-0EFE-479E-9D96-72DFE56C17D3}.Release|ARM.Build.0 = Release|Any CPU
		{5E9513E3-0EFE-479E-9D96-72DFE56C17D3}.Release|iPhone.ActiveCfg = Release|Any CPU
		{5E9513E3-0EFE-479E-9D96-72DFE56C17D3}.Release|iPhone.Build.0 = Release|Any CPU
		{5E9513E3-0EFE-479E-9D96-72DFE56C17D3}.Release|iPhoneSimulator.ActiveCfg = Release|Any CPU
		{5E9513E3-0EFE-479E-9D96-72DFE56C17D3}.Release|iPhoneSimulator.Build.0 = Release|Any CPU
		{5E9513E3-0EFE-479E-9D96-72DFE56C17D3}.Release|x64.ActiveCfg = Release|Any CPU
		{5E9513E3-0EFE-479E-9D96-72DFE56C17D3}.Release|x64.Build.0 = Release|Any CPU
		{5E9513E3-0EFE-479E-9D96-72DFE56C17D3}.Release|x86.ActiveCfg = Release|Any CPU
		{5E9513E3-0EFE-479E-9D96-72DFE56C17D3}.Release|x86.Build.0 = Release|Any CPU
		{521613B4-44E2-400C-9A3B-BAC1E0DB7A72}.Debug|Any CPU.ActiveCfg = Debug|Any CPU
		{521613B4-44E2-400C-9A3B-BAC1E0DB7A72}.Debug|Any CPU.Build.0 = Debug|Any CPU
		{521613B4-44E2-400C-9A3B-BAC1E0DB7A72}.Debug|ARM.ActiveCfg = Debug|Any CPU
		{521613B4-44E2-400C-9A3B-BAC1E0DB7A72}.Debug|ARM.Build.0 = Debug|Any CPU
		{521613B4-44E2-400C-9A3B-BAC1E0DB7A72}.Debug|iPhone.ActiveCfg = Debug|Any CPU
		{521613B4-44E2-400C-9A3B-BAC1E0DB7A72}.Debug|iPhone.Build.0 = Debug|Any CPU
		{521613B4-44E2-400C-9A3B-BAC1E0DB7A72}.Debug|iPhoneSimulator.ActiveCfg = Debug|Any CPU
		{521613B4-44E2-400C-9A3B-BAC1E0DB7A72}.Debug|iPhoneSimulator.Build.0 = Debug|Any CPU
		{521613B4-44E2-400C-9A3B-BAC1E0DB7A72}.Debug|x64.ActiveCfg = Debug|Any CPU
		{521613B4-44E2-400C-9A3B-BAC1E0DB7A72}.Debug|x64.Build.0 = Debug|Any CPU
		{521613B4-44E2-400C-9A3B-BAC1E0DB7A72}.Debug|x86.ActiveCfg = Debug|Any CPU
		{521613B4-44E2-400C-9A3B-BAC1E0DB7A72}.Debug|x86.Build.0 = Debug|Any CPU
		{521613B4-44E2-400C-9A3B-BAC1E0DB7A72}.Release|Any CPU.ActiveCfg = Release|Any CPU
		{521613B4-44E2-400C-9A3B-BAC1E0DB7A72}.Release|Any CPU.Build.0 = Release|Any CPU
		{521613B4-44E2-400C-9A3B-BAC1E0DB7A72}.Release|ARM.ActiveCfg = Release|Any CPU
		{521613B4-44E2-400C-9A3B-BAC1E0DB7A72}.Release|ARM.Build.0 = Release|Any CPU
		{521613B4-44E2-400C-9A3B-BAC1E0DB7A72}.Release|iPhone.ActiveCfg = Release|Any CPU
		{521613B4-44E2-400C-9A3B-BAC1E0DB7A72}.Release|iPhone.Build.0 = Release|Any CPU
		{521613B4-44E2-400C-9A3B-BAC1E0DB7A72}.Release|iPhoneSimulator.ActiveCfg = Release|Any CPU
		{521613B4-44E2-400C-9A3B-BAC1E0DB7A72}.Release|iPhoneSimulator.Build.0 = Release|Any CPU
		{521613B4-44E2-400C-9A3B-BAC1E0DB7A72}.Release|x64.ActiveCfg = Release|Any CPU
		{521613B4-44E2-400C-9A3B-BAC1E0DB7A72}.Release|x64.Build.0 = Release|Any CPU
		{521613B4-44E2-400C-9A3B-BAC1E0DB7A72}.Release|x86.ActiveCfg = Release|Any CPU
		{521613B4-44E2-400C-9A3B-BAC1E0DB7A72}.Release|x86.Build.0 = Release|Any CPU
		{735042AC-9675-4DB6-979F-F55B62D7C3D7}.Debug|Any CPU.ActiveCfg = Debug|Any CPU
		{735042AC-9675-4DB6-979F-F55B62D7C3D7}.Debug|Any CPU.Build.0 = Debug|Any CPU
		{735042AC-9675-4DB6-979F-F55B62D7C3D7}.Debug|ARM.ActiveCfg = Debug|Any CPU
		{735042AC-9675-4DB6-979F-F55B62D7C3D7}.Debug|ARM.Build.0 = Debug|Any CPU
		{735042AC-9675-4DB6-979F-F55B62D7C3D7}.Debug|iPhone.ActiveCfg = Debug|Any CPU
		{735042AC-9675-4DB6-979F-F55B62D7C3D7}.Debug|iPhone.Build.0 = Debug|Any CPU
		{735042AC-9675-4DB6-979F-F55B62D7C3D7}.Debug|iPhoneSimulator.ActiveCfg = Debug|Any CPU
		{735042AC-9675-4DB6-979F-F55B62D7C3D7}.Debug|iPhoneSimulator.Build.0 = Debug|Any CPU
		{735042AC-9675-4DB6-979F-F55B62D7C3D7}.Debug|x64.ActiveCfg = Debug|Any CPU
		{735042AC-9675-4DB6-979F-F55B62D7C3D7}.Debug|x64.Build.0 = Debug|Any CPU
		{735042AC-9675-4DB6-979F-F55B62D7C3D7}.Debug|x86.ActiveCfg = Debug|Any CPU
		{735042AC-9675-4DB6-979F-F55B62D7C3D7}.Debug|x86.Build.0 = Debug|Any CPU
		{735042AC-9675-4DB6-979F-F55B62D7C3D7}.Release|Any CPU.ActiveCfg = Release|Any CPU
		{735042AC-9675-4DB6-979F-F55B62D7C3D7}.Release|Any CPU.Build.0 = Release|Any CPU
		{735042AC-9675-4DB6-979F-F55B62D7C3D7}.Release|ARM.ActiveCfg = Release|Any CPU
		{735042AC-9675-4DB6-979F-F55B62D7C3D7}.Release|ARM.Build.0 = Release|Any CPU
		{735042AC-9675-4DB6-979F-F55B62D7C3D7}.Release|iPhone.ActiveCfg = Release|Any CPU
		{735042AC-9675-4DB6-979F-F55B62D7C3D7}.Release|iPhone.Build.0 = Release|Any CPU
		{735042AC-9675-4DB6-979F-F55B62D7C3D7}.Release|iPhoneSimulator.ActiveCfg = Release|Any CPU
		{735042AC-9675-4DB6-979F-F55B62D7C3D7}.Release|iPhoneSimulator.Build.0 = Release|Any CPU
		{735042AC-9675-4DB6-979F-F55B62D7C3D7}.Release|x64.ActiveCfg = Release|Any CPU
		{735042AC-9675-4DB6-979F-F55B62D7C3D7}.Release|x64.Build.0 = Release|Any CPU
		{735042AC-9675-4DB6-979F-F55B62D7C3D7}.Release|x86.ActiveCfg = Release|Any CPU
		{735042AC-9675-4DB6-979F-F55B62D7C3D7}.Release|x86.Build.0 = Release|Any CPU
		{CF4FCE8E-3C63-427A-ACAC-A44BD0F1EB00}.Debug|Any CPU.ActiveCfg = Debug|x86
		{CF4FCE8E-3C63-427A-ACAC-A44BD0F1EB00}.Debug|ARM.ActiveCfg = Debug|ARM
		{CF4FCE8E-3C63-427A-ACAC-A44BD0F1EB00}.Debug|ARM.Build.0 = Debug|ARM
		{CF4FCE8E-3C63-427A-ACAC-A44BD0F1EB00}.Debug|ARM.Deploy.0 = Debug|ARM
		{CF4FCE8E-3C63-427A-ACAC-A44BD0F1EB00}.Debug|iPhone.ActiveCfg = Debug|x86
		{CF4FCE8E-3C63-427A-ACAC-A44BD0F1EB00}.Debug|iPhoneSimulator.ActiveCfg = Debug|x86
		{CF4FCE8E-3C63-427A-ACAC-A44BD0F1EB00}.Debug|x64.ActiveCfg = Debug|x64
		{CF4FCE8E-3C63-427A-ACAC-A44BD0F1EB00}.Debug|x64.Build.0 = Debug|x64
		{CF4FCE8E-3C63-427A-ACAC-A44BD0F1EB00}.Debug|x64.Deploy.0 = Debug|x64
		{CF4FCE8E-3C63-427A-ACAC-A44BD0F1EB00}.Debug|x86.ActiveCfg = Debug|x86
		{CF4FCE8E-3C63-427A-ACAC-A44BD0F1EB00}.Debug|x86.Build.0 = Debug|x86
		{CF4FCE8E-3C63-427A-ACAC-A44BD0F1EB00}.Debug|x86.Deploy.0 = Debug|x86
		{CF4FCE8E-3C63-427A-ACAC-A44BD0F1EB00}.Release|Any CPU.ActiveCfg = Release|x86
		{CF4FCE8E-3C63-427A-ACAC-A44BD0F1EB00}.Release|ARM.ActiveCfg = Release|ARM
		{CF4FCE8E-3C63-427A-ACAC-A44BD0F1EB00}.Release|ARM.Build.0 = Release|ARM
		{CF4FCE8E-3C63-427A-ACAC-A44BD0F1EB00}.Release|ARM.Deploy.0 = Release|ARM
		{CF4FCE8E-3C63-427A-ACAC-A44BD0F1EB00}.Release|iPhone.ActiveCfg = Release|x86
		{CF4FCE8E-3C63-427A-ACAC-A44BD0F1EB00}.Release|iPhoneSimulator.ActiveCfg = Release|x86
		{CF4FCE8E-3C63-427A-ACAC-A44BD0F1EB00}.Release|x64.ActiveCfg = Release|x64
		{CF4FCE8E-3C63-427A-ACAC-A44BD0F1EB00}.Release|x64.Build.0 = Release|x64
		{CF4FCE8E-3C63-427A-ACAC-A44BD0F1EB00}.Release|x64.Deploy.0 = Release|x64
		{CF4FCE8E-3C63-427A-ACAC-A44BD0F1EB00}.Release|x86.ActiveCfg = Release|x86
		{CF4FCE8E-3C63-427A-ACAC-A44BD0F1EB00}.Release|x86.Build.0 = Release|x86
		{CF4FCE8E-3C63-427A-ACAC-A44BD0F1EB00}.Release|x86.Deploy.0 = Release|x86
		{6CD5607F-5C28-4379-9CBD-DF4F11A7B9BB}.Debug|Any CPU.ActiveCfg = Debug|Any CPU
		{6CD5607F-5C28-4379-9CBD-DF4F11A7B9BB}.Debug|Any CPU.Build.0 = Debug|Any CPU
		{6CD5607F-5C28-4379-9CBD-DF4F11A7B9BB}.Debug|Any CPU.Deploy.0 = Debug|Any CPU
		{6CD5607F-5C28-4379-9CBD-DF4F11A7B9BB}.Debug|ARM.ActiveCfg = Debug|Any CPU
		{6CD5607F-5C28-4379-9CBD-DF4F11A7B9BB}.Debug|ARM.Build.0 = Debug|Any CPU
		{6CD5607F-5C28-4379-9CBD-DF4F11A7B9BB}.Debug|ARM.Deploy.0 = Debug|Any CPU
		{6CD5607F-5C28-4379-9CBD-DF4F11A7B9BB}.Debug|iPhone.ActiveCfg = Debug|Any CPU
		{6CD5607F-5C28-4379-9CBD-DF4F11A7B9BB}.Debug|iPhone.Build.0 = Debug|Any CPU
		{6CD5607F-5C28-4379-9CBD-DF4F11A7B9BB}.Debug|iPhone.Deploy.0 = Debug|Any CPU
		{6CD5607F-5C28-4379-9CBD-DF4F11A7B9BB}.Debug|iPhoneSimulator.ActiveCfg = Debug|Any CPU
		{6CD5607F-5C28-4379-9CBD-DF4F11A7B9BB}.Debug|iPhoneSimulator.Build.0 = Debug|Any CPU
		{6CD5607F-5C28-4379-9CBD-DF4F11A7B9BB}.Debug|iPhoneSimulator.Deploy.0 = Debug|Any CPU
		{6CD5607F-5C28-4379-9CBD-DF4F11A7B9BB}.Debug|x64.ActiveCfg = Debug|Any CPU
		{6CD5607F-5C28-4379-9CBD-DF4F11A7B9BB}.Debug|x64.Build.0 = Debug|Any CPU
		{6CD5607F-5C28-4379-9CBD-DF4F11A7B9BB}.Debug|x64.Deploy.0 = Debug|Any CPU
		{6CD5607F-5C28-4379-9CBD-DF4F11A7B9BB}.Debug|x86.ActiveCfg = Debug|Any CPU
		{6CD5607F-5C28-4379-9CBD-DF4F11A7B9BB}.Debug|x86.Build.0 = Debug|Any CPU
		{6CD5607F-5C28-4379-9CBD-DF4F11A7B9BB}.Debug|x86.Deploy.0 = Debug|Any CPU
		{6CD5607F-5C28-4379-9CBD-DF4F11A7B9BB}.Release|Any CPU.ActiveCfg = Release|Any CPU
		{6CD5607F-5C28-4379-9CBD-DF4F11A7B9BB}.Release|Any CPU.Build.0 = Release|Any CPU
		{6CD5607F-5C28-4379-9CBD-DF4F11A7B9BB}.Release|Any CPU.Deploy.0 = Release|Any CPU
		{6CD5607F-5C28-4379-9CBD-DF4F11A7B9BB}.Release|ARM.ActiveCfg = Release|Any CPU
		{6CD5607F-5C28-4379-9CBD-DF4F11A7B9BB}.Release|ARM.Build.0 = Release|Any CPU
		{6CD5607F-5C28-4379-9CBD-DF4F11A7B9BB}.Release|ARM.Deploy.0 = Release|Any CPU
		{6CD5607F-5C28-4379-9CBD-DF4F11A7B9BB}.Release|iPhone.ActiveCfg = Release|Any CPU
		{6CD5607F-5C28-4379-9CBD-DF4F11A7B9BB}.Release|iPhone.Build.0 = Release|Any CPU
		{6CD5607F-5C28-4379-9CBD-DF4F11A7B9BB}.Release|iPhone.Deploy.0 = Release|Any CPU
		{6CD5607F-5C28-4379-9CBD-DF4F11A7B9BB}.Release|iPhoneSimulator.ActiveCfg = Release|Any CPU
		{6CD5607F-5C28-4379-9CBD-DF4F11A7B9BB}.Release|iPhoneSimulator.Build.0 = Release|Any CPU
		{6CD5607F-5C28-4379-9CBD-DF4F11A7B9BB}.Release|iPhoneSimulator.Deploy.0 = Release|Any CPU
		{6CD5607F-5C28-4379-9CBD-DF4F11A7B9BB}.Release|x64.ActiveCfg = Release|Any CPU
		{6CD5607F-5C28-4379-9CBD-DF4F11A7B9BB}.Release|x64.Build.0 = Release|Any CPU
		{6CD5607F-5C28-4379-9CBD-DF4F11A7B9BB}.Release|x64.Deploy.0 = Release|Any CPU
		{6CD5607F-5C28-4379-9CBD-DF4F11A7B9BB}.Release|x86.ActiveCfg = Release|Any CPU
		{6CD5607F-5C28-4379-9CBD-DF4F11A7B9BB}.Release|x86.Build.0 = Release|Any CPU
		{6CD5607F-5C28-4379-9CBD-DF4F11A7B9BB}.Release|x86.Deploy.0 = Release|Any CPU
		{D5EC99D7-A62D-4FA5-B053-D4920E0948F5}.Debug|Any CPU.ActiveCfg = Debug|iPhoneSimulator
		{D5EC99D7-A62D-4FA5-B053-D4920E0948F5}.Debug|ARM.ActiveCfg = Debug|iPhoneSimulator
		{D5EC99D7-A62D-4FA5-B053-D4920E0948F5}.Debug|iPhone.ActiveCfg = Debug|iPhone
		{D5EC99D7-A62D-4FA5-B053-D4920E0948F5}.Debug|iPhone.Build.0 = Debug|iPhone
		{D5EC99D7-A62D-4FA5-B053-D4920E0948F5}.Debug|iPhoneSimulator.ActiveCfg = Debug|iPhoneSimulator
		{D5EC99D7-A62D-4FA5-B053-D4920E0948F5}.Debug|iPhoneSimulator.Build.0 = Debug|iPhoneSimulator
		{D5EC99D7-A62D-4FA5-B053-D4920E0948F5}.Debug|x64.ActiveCfg = Debug|iPhoneSimulator
		{D5EC99D7-A62D-4FA5-B053-D4920E0948F5}.Debug|x86.ActiveCfg = Debug|iPhoneSimulator
		{D5EC99D7-A62D-4FA5-B053-D4920E0948F5}.Release|Any CPU.ActiveCfg = Release|iPhoneSimulator
		{D5EC99D7-A62D-4FA5-B053-D4920E0948F5}.Release|ARM.ActiveCfg = Release|iPhoneSimulator
		{D5EC99D7-A62D-4FA5-B053-D4920E0948F5}.Release|iPhone.ActiveCfg = Release|iPhone
		{D5EC99D7-A62D-4FA5-B053-D4920E0948F5}.Release|iPhone.Build.0 = Release|iPhone
		{D5EC99D7-A62D-4FA5-B053-D4920E0948F5}.Release|iPhoneSimulator.ActiveCfg = Release|iPhoneSimulator
		{D5EC99D7-A62D-4FA5-B053-D4920E0948F5}.Release|iPhoneSimulator.Build.0 = Release|iPhoneSimulator
		{D5EC99D7-A62D-4FA5-B053-D4920E0948F5}.Release|x64.ActiveCfg = Release|iPhoneSimulator
		{D5EC99D7-A62D-4FA5-B053-D4920E0948F5}.Release|x86.ActiveCfg = Release|iPhoneSimulator
		{E747AE3F-0921-4D41-9A89-73D940F4D914}.Debug|Any CPU.ActiveCfg = Debug|Any CPU
		{E747AE3F-0921-4D41-9A89-73D940F4D914}.Debug|Any CPU.Build.0 = Debug|Any CPU
		{E747AE3F-0921-4D41-9A89-73D940F4D914}.Debug|ARM.ActiveCfg = Debug|Any CPU
		{E747AE3F-0921-4D41-9A89-73D940F4D914}.Debug|ARM.Build.0 = Debug|Any CPU
		{E747AE3F-0921-4D41-9A89-73D940F4D914}.Debug|iPhone.ActiveCfg = Debug|Any CPU
		{E747AE3F-0921-4D41-9A89-73D940F4D914}.Debug|iPhone.Build.0 = Debug|Any CPU
		{E747AE3F-0921-4D41-9A89-73D940F4D914}.Debug|iPhoneSimulator.ActiveCfg = Debug|Any CPU
		{E747AE3F-0921-4D41-9A89-73D940F4D914}.Debug|iPhoneSimulator.Build.0 = Debug|Any CPU
		{E747AE3F-0921-4D41-9A89-73D940F4D914}.Debug|x64.ActiveCfg = Debug|Any CPU
		{E747AE3F-0921-4D41-9A89-73D940F4D914}.Debug|x64.Build.0 = Debug|Any CPU
		{E747AE3F-0921-4D41-9A89-73D940F4D914}.Debug|x86.ActiveCfg = Debug|Any CPU
		{E747AE3F-0921-4D41-9A89-73D940F4D914}.Debug|x86.Build.0 = Debug|Any CPU
		{E747AE3F-0921-4D41-9A89-73D940F4D914}.Release|Any CPU.ActiveCfg = Release|Any CPU
		{E747AE3F-0921-4D41-9A89-73D940F4D914}.Release|Any CPU.Build.0 = Release|Any CPU
		{E747AE3F-0921-4D41-9A89-73D940F4D914}.Release|ARM.ActiveCfg = Release|Any CPU
		{E747AE3F-0921-4D41-9A89-73D940F4D914}.Release|ARM.Build.0 = Release|Any CPU
		{E747AE3F-0921-4D41-9A89-73D940F4D914}.Release|iPhone.ActiveCfg = Release|Any CPU
		{E747AE3F-0921-4D41-9A89-73D940F4D914}.Release|iPhone.Build.0 = Release|Any CPU
		{E747AE3F-0921-4D41-9A89-73D940F4D914}.Release|iPhoneSimulator.ActiveCfg = Release|Any CPU
		{E747AE3F-0921-4D41-9A89-73D940F4D914}.Release|iPhoneSimulator.Build.0 = Release|Any CPU
		{E747AE3F-0921-4D41-9A89-73D940F4D914}.Release|x64.ActiveCfg = Release|Any CPU
		{E747AE3F-0921-4D41-9A89-73D940F4D914}.Release|x64.Build.0 = Release|Any CPU
		{E747AE3F-0921-4D41-9A89-73D940F4D914}.Release|x86.ActiveCfg = Release|Any CPU
		{E747AE3F-0921-4D41-9A89-73D940F4D914}.Release|x86.Build.0 = Release|Any CPU
	EndGlobalSection
	GlobalSection(SolutionProperties) = preSolution
		HideSolutionNode = FALSE
	EndGlobalSection
	GlobalSection(ExtensibilityGlobals) = postSolution
		SolutionGuid = {C0230BBC-33E4-4058-B4D2-C27BAD16F67D}
	EndGlobalSection
EndGlobal
